
Microsoft Visual Studio Solution File, Format Version 12.00
# Visual Studio Version 16
VisualStudioVersion = 16.0.31729.503
MinimumVisualStudioVersion = 10.0.40219.1
Project("{9A19103F-16F7-4668-BE54-9A1E7A4F7556}") = "TalkBack.UI", "TalkBack.UI\TalkBack.UI.csproj", "{982AAB1F-A863-4458-9EF1-9812CB606577}"
EndProject
Project("{FAE04EC0-301F-11D3-BF4B-00C04F79EFBC}") = "TalkBack.DAL", "TalkBack.DAL\TalkBack.DAL.csproj", "{564D5494-A283-4C4A-937D-59B8FEE23946}"
EndProject
Project("{FAE04EC0-301F-11D3-BF4B-00C04F79EFBC}") = "TalkBack.BLL", "TalkBack.BLL\TalkBack.BLL.csproj", "{970490D6-9EB2-47E3-AB28-60D31AB17505}"
EndProject
Project("{FAE04EC0-301F-11D3-BF4B-00C04F79EFBC}") = "TalkBack.Models", "TalkBack.Models\TalkBack.Models.csproj", "{F7C4BC3B-B965-4155-9EE1-FF65D5982743}"
EndProject
Global
	GlobalSection(SolutionConfigurationPlatforms) = preSolution
		Debug|Any CPU = Debug|Any CPU
		Release|Any CPU = Release|Any CPU
	EndGlobalSection
	GlobalSection(ProjectConfigurationPlatforms) = postSolution
		{982AAB1F-A863-4458-9EF1-9812CB606577}.Debug|Any CPU.ActiveCfg = Debug|Any CPU
		{982AAB1F-A863-4458-9EF1-9812CB606577}.Debug|Any CPU.Build.0 = Debug|Any CPU
		{982AAB1F-A863-4458-9EF1-9812CB606577}.Release|Any CPU.ActiveCfg = Release|Any CPU
		{982AAB1F-A863-4458-9EF1-9812CB606577}.Release|Any CPU.Build.0 = Release|Any CPU
		{564D5494-A283-4C4A-937D-59B8FEE23946}.Debug|Any CPU.ActiveCfg = Debug|Any CPU
		{564D5494-A283-4C4A-937D-59B8FEE23946}.Debug|Any CPU.Build.0 = Debug|Any CPU
		{564D5494-A283-4C4A-937D-59B8FEE23946}.Release|Any CPU.ActiveCfg = Release|Any CPU
		{564D5494-A283-4C4A-937D-59B8FEE23946}.Release|Any CPU.Build.0 = Release|Any CPU
		{970490D6-9EB2-47E3-AB28-60D31AB17505}.Debug|Any CPU.ActiveCfg = Debug|Any CPU
		{970490D6-9EB2-47E3-AB28-60D31AB17505}.Debug|Any CPU.Build.0 = Debug|Any CPU
		{970490D6-9EB2-47E3-AB28-60D31AB17505}.Release|Any CPU.ActiveCfg = Release|Any CPU
		{970490D6-9EB2-47E3-AB28-60D31AB17505}.Release|Any CPU.Build.0 = Release|Any CPU
		{F7C4BC3B-B965-4155-9EE1-FF65D5982743}.Debug|Any CPU.ActiveCfg = Debug|Any CPU
		{F7C4BC3B-B965-4155-9EE1-FF65D5982743}.Debug|Any CPU.Build.0 = Debug|Any CPU
		{F7C4BC3B-B965-4155-9EE1-FF65D5982743}.Release|Any CPU.ActiveCfg = Release|Any CPU
		{F7C4BC3B-B965-4155-9EE1-FF65D5982743}.Release|Any CPU.Build.0 = Release|Any CPU
	EndGlobalSection
	GlobalSection(SolutionProperties) = preSolution
		HideSolutionNode = FALSE
	EndGlobalSection
	GlobalSection(ExtensibilityGlobals) = postSolution
		SolutionGuid = {897E94DF-BFD8-4502-A5C6-8E8BD6F95CF1}
	EndGlobalSection
EndGlobal
